
Microsoft Visual Studio Solution File, Format Version 12.00
# Visual Studio Version 17
VisualStudioVersion = 17.10.35027.167
MinimumVisualStudioVersion = 10.0.40219.1
Project("{FAE04EC0-301F-11D3-BF4B-00C04F79EFBC}") = "matrix_c#", "matrix_c#\matrix_c#.csproj", "{43297320-FE3B-4867-9C45-0F3A6C39F5C4}"
EndProject
Global
	GlobalSection(SolutionConfigurationPlatforms) = preSolution
		Debug|Any CPU = Debug|Any CPU
		Release|Any CPU = Release|Any CPU
	EndGlobalSection
	GlobalSection(ProjectConfigurationPlatforms) = postSolution
		{43297320-FE3B-4867-9C45-0F3A6C39F5C4}.Debug|Any CPU.ActiveCfg = Debug|Any CPU
		{43297320-FE3B-4867-9C45-0F3A6C39F5C4}.Debug|Any CPU.Build.0 = Debug|Any CPU
		{43297320-FE3B-4867-9C45-0F3A6C39F5C4}.Release|Any CPU.ActiveCfg = Release|Any CPU
		{43297320-FE3B-4867-9C45-0F3A6C39F5C4}.Release|Any CPU.Build.0 = Release|Any CPU
	EndGlobalSection
	GlobalSection(SolutionProperties) = preSolution
		HideSolutionNode = FALSE
	EndGlobalSection
	GlobalSection(ExtensibilityGlobals) = postSolution
		SolutionGuid = {8DD82623-4981-4C63-9D7F-233F6E408E13}
	EndGlobalSection
EndGlobal
